
Microsoft Visual Studio Solution File, Format Version 12.00
# Visual Studio 15
VisualStudioVersion = 15.0.27428.2043
MinimumVisualStudioVersion = 10.0.40219.1
Project("{FAE04EC0-301F-11D3-BF4B-00C04F79EFBC}") = "OddsSystemUI", "OddsSystemUI\OddsSystemUI.csproj", "{8DD6ED8B-06A7-4AFB-BF8E-575EDFDEF73B}"
EndProject
Project("{FAE04EC0-301F-11D3-BF4B-00C04F79EFBC}") = "OddsSystemUI.Data", "OddsSystemUI.Data\OddsSystemUI.Data.csproj", "{6049CFD6-E69F-44AE-83AB-73CFC476AFAB}"
EndProject
Global
	GlobalSection(SolutionConfigurationPlatforms) = preSolution
		Debug|Any CPU = Debug|Any CPU
		Release|Any CPU = Release|Any CPU
	EndGlobalSection
	GlobalSection(ProjectConfigurationPlatforms) = postSolution
		{8DD6ED8B-06A7-4AFB-BF8E-575EDFDEF73B}.Debug|Any CPU.ActiveCfg = Debug|Any CPU
		{8DD6ED8B-06A7-4AFB-BF8E-575EDFDEF73B}.Debug|Any CPU.Build.0 = Debug|Any CPU
		{8DD6ED8B-06A7-4AFB-BF8E-575EDFDEF73B}.Release|Any CPU.ActiveCfg = Release|Any CPU
		{8DD6ED8B-06A7-4AFB-BF8E-575EDFDEF73B}.Release|Any CPU.Build.0 = Release|Any CPU
		{6049CFD6-E69F-44AE-83AB-73CFC476AFAB}.Debug|Any CPU.ActiveCfg = Debug|Any CPU
		{6049CFD6-E69F-44AE-83AB-73CFC476AFAB}.Debug|Any CPU.Build.0 = Debug|Any CPU
		{6049CFD6-E69F-44AE-83AB-73CFC476AFAB}.Release|Any CPU.ActiveCfg = Release|Any CPU
		{6049CFD6-E69F-44AE-83AB-73CFC476AFAB}.Release|Any CPU.Build.0 = Release|Any CPU
	EndGlobalSection
	GlobalSection(SolutionProperties) = preSolution
		HideSolutionNode = FALSE
	EndGlobalSection
	GlobalSection(ExtensibilityGlobals) = postSolution
		SolutionGuid = {7E6C1620-EBCE-4395-B8EE-1D03D896114B}
	EndGlobalSection
EndGlobal
